
Microsoft Visual Studio Solution File, Format Version 12.00
Project("{2150E333-8FDC-42A3-9474-1A3956D46DE8}") = "Tests", "Tests", "{A49ABBEE-2502-420E-B062-FAB962FF849D}"
EndProject
Project("{2150E333-8FDC-42A3-9474-1A3956D46DE8}") = "Core", "Core", "{30B2EABF-5016-476F-A719-13D893470C85}"
EndProject
Project("{2150E333-8FDC-42A3-9474-1A3956D46DE8}") = "Infrastructure", "Infrastructure", "{102C27FE-B504-49CC-9213-1CE459009F8F}"
EndProject
Project("{2150E333-8FDC-42A3-9474-1A3956D46DE8}") = "Presentation", "Presentation", "{766CDF12-F905-442B-95F3-9FEF747F9D1F}"
EndProject
Project("{FAE04EC0-301F-11D3-BF4B-00C04F79EFBC}") = "VocaPower.Domain", "VocaPower.Domain\VocaPower.Domain.csproj", "{D5229BD9-35CF-4119-8AA2-D65F87EBD825}"
EndProject
Project("{FAE04EC0-301F-11D3-BF4B-00C04F79EFBC}") = "VocaPower.Application", "VocaPower.Application\VocaPower.Application.csproj", "{8E92B057-F5AE-4D6C-BAB3-92F3F180BACF}"
EndProject
Project("{FAE04EC0-301F-11D3-BF4B-00C04F79EFBC}") = "VocaPower.Domain.Tests", "VocaPower.Domain.Tests\VocaPower.Domain.Tests.csproj", "{5B827503-7ED5-4B0F-880D-B1A22EA9FC97}"
EndProject
Project("{FAE04EC0-301F-11D3-BF4B-00C04F79EFBC}") = "VocaPower.Application.Tests", "VocaPower.Application.Tests\VocaPower.Application.Tests.csproj", "{1E03A466-A906-41AD-9AD1-7C687C7EAB4C}"
EndProject
Project("{FAE04EC0-301F-11D3-BF4B-00C04F79EFBC}") = "VocaPower.Infrastructure", "VocaPower.Infrastructure\VocaPower.Infrastructure.csproj", "{57114817-2DAC-4689-B27F-4E4265E9A18C}"
EndProject
Project("{FAE04EC0-301F-11D3-BF4B-00C04F79EFBC}") = "VocaPower.Persistence", "VocaPower.Persistence\VocaPower.Persistence.csproj", "{89F03703-F9A5-4258-BE5B-2AFCFDDE002D}"
EndProject
Project("{FAE04EC0-301F-11D3-BF4B-00C04F79EFBC}") = "VocaPower.Api", "VocaPower.Api\VocaPower.Api.csproj", "{26ED81B8-6BF0-4E08-9514-A204634B4C1D}"
EndProject
Project("{FAE04EC0-301F-11D3-BF4B-00C04F79EFBC}") = "VocaPower.Web", "VocaPower.Web\VocaPower.Web.csproj", "{35185D4F-5256-46BA-88E6-7EF891AB57EF}"
EndProject
Global
	GlobalSection(SolutionConfigurationPlatforms) = preSolution
		Debug|Any CPU = Debug|Any CPU
		Release|Any CPU = Release|Any CPU
	EndGlobalSection
	GlobalSection(NestedProjects) = preSolution
		{D5229BD9-35CF-4119-8AA2-D65F87EBD825} = {30B2EABF-5016-476F-A719-13D893470C85}
		{8E92B057-F5AE-4D6C-BAB3-92F3F180BACF} = {30B2EABF-5016-476F-A719-13D893470C85}
		{5B827503-7ED5-4B0F-880D-B1A22EA9FC97} = {A49ABBEE-2502-420E-B062-FAB962FF849D}
		{1E03A466-A906-41AD-9AD1-7C687C7EAB4C} = {A49ABBEE-2502-420E-B062-FAB962FF849D}
		{57114817-2DAC-4689-B27F-4E4265E9A18C} = {102C27FE-B504-49CC-9213-1CE459009F8F}
		{89F03703-F9A5-4258-BE5B-2AFCFDDE002D} = {102C27FE-B504-49CC-9213-1CE459009F8F}
		{26ED81B8-6BF0-4E08-9514-A204634B4C1D} = {766CDF12-F905-442B-95F3-9FEF747F9D1F}
		{35185D4F-5256-46BA-88E6-7EF891AB57EF} = {766CDF12-F905-442B-95F3-9FEF747F9D1F}
	EndGlobalSection
	GlobalSection(ProjectConfigurationPlatforms) = postSolution
		{D5229BD9-35CF-4119-8AA2-D65F87EBD825}.Debug|Any CPU.ActiveCfg = Debug|Any CPU
		{D5229BD9-35CF-4119-8AA2-D65F87EBD825}.Debug|Any CPU.Build.0 = Debug|Any CPU
		{D5229BD9-35CF-4119-8AA2-D65F87EBD825}.Release|Any CPU.ActiveCfg = Release|Any CPU
		{D5229BD9-35CF-4119-8AA2-D65F87EBD825}.Release|Any CPU.Build.0 = Release|Any CPU
		{8E92B057-F5AE-4D6C-BAB3-92F3F180BACF}.Debug|Any CPU.ActiveCfg = Debug|Any CPU
		{8E92B057-F5AE-4D6C-BAB3-92F3F180BACF}.Debug|Any CPU.Build.0 = Debug|Any CPU
		{8E92B057-F5AE-4D6C-BAB3-92F3F180BACF}.Release|Any CPU.ActiveCfg = Release|Any CPU
		{8E92B057-F5AE-4D6C-BAB3-92F3F180BACF}.Release|Any CPU.Build.0 = Release|Any CPU
		{5B827503-7ED5-4B0F-880D-B1A22EA9FC97}.Debug|Any CPU.ActiveCfg = Debug|Any CPU
		{5B827503-7ED5-4B0F-880D-B1A22EA9FC97}.Debug|Any CPU.Build.0 = Debug|Any CPU
		{5B827503-7ED5-4B0F-880D-B1A22EA9FC97}.Release|Any CPU.ActiveCfg = Release|Any CPU
		{5B827503-7ED5-4B0F-880D-B1A22EA9FC97}.Release|Any CPU.Build.0 = Release|Any CPU
		{1E03A466-A906-41AD-9AD1-7C687C7EAB4C}.Debug|Any CPU.ActiveCfg = Debug|Any CPU
		{1E03A466-A906-41AD-9AD1-7C687C7EAB4C}.Debug|Any CPU.Build.0 = Debug|Any CPU
		{1E03A466-A906-41AD-9AD1-7C687C7EAB4C}.Release|Any CPU.ActiveCfg = Release|Any CPU
		{1E03A466-A906-41AD-9AD1-7C687C7EAB4C}.Release|Any CPU.Build.0 = Release|Any CPU
		{57114817-2DAC-4689-B27F-4E4265E9A18C}.Debug|Any CPU.ActiveCfg = Debug|Any CPU
		{57114817-2DAC-4689-B27F-4E4265E9A18C}.Debug|Any CPU.Build.0 = Debug|Any CPU
		{57114817-2DAC-4689-B27F-4E4265E9A18C}.Release|Any CPU.ActiveCfg = Release|Any CPU
		{57114817-2DAC-4689-B27F-4E4265E9A18C}.Release|Any CPU.Build.0 = Release|Any CPU
		{89F03703-F9A5-4258-BE5B-2AFCFDDE002D}.Debug|Any CPU.ActiveCfg = Debug|Any CPU
		{89F03703-F9A5-4258-BE5B-2AFCFDDE002D}.Debug|Any CPU.Build.0 = Debug|Any CPU
		{89F03703-F9A5-4258-BE5B-2AFCFDDE002D}.Release|Any CPU.ActiveCfg = Release|Any CPU
		{89F03703-F9A5-4258-BE5B-2AFCFDDE002D}.Release|Any CPU.Build.0 = Release|Any CPU
		{26ED81B8-6BF0-4E08-9514-A204634B4C1D}.Debug|Any CPU.ActiveCfg = Debug|Any CPU
		{26ED81B8-6BF0-4E08-9514-A204634B4C1D}.Debug|Any CPU.Build.0 = Debug|Any CPU
		{26ED81B8-6BF0-4E08-9514-A204634B4C1D}.Release|Any CPU.ActiveCfg = Release|Any CPU
		{26ED81B8-6BF0-4E08-9514-A204634B4C1D}.Release|Any CPU.Build.0 = Release|Any CPU
		{35185D4F-5256-46BA-88E6-7EF891AB57EF}.Debug|Any CPU.ActiveCfg = Debug|Any CPU
		{35185D4F-5256-46BA-88E6-7EF891AB57EF}.Debug|Any CPU.Build.0 = Debug|Any CPU
		{35185D4F-5256-46BA-88E6-7EF891AB57EF}.Release|Any CPU.ActiveCfg = Release|Any CPU
		{35185D4F-5256-46BA-88E6-7EF891AB57EF}.Release|Any CPU.Build.0 = Release|Any CPU
	EndGlobalSection
EndGlobal
